// !$*UTF8*$!
{
	archiveVersion = 1;
	classes = {
	};
	objectVersion = 56;
	objects = {

/* Begin PBXBuildFile section */
		AC505AFFDBB6A4BDB899C9B8 /* Pods_add_to_app_ios.framework in Frameworks */ = {isa = PBXBuildFile; fileRef = C739576AB5A6F40039B88173 /* Pods_add_to_app_ios.framework */; };
		BE8D3F172C3A8C7500E9BDFA /* AppDelegate.swift in Sources */ = {isa = PBXBuildFile; fileRef = BE8D3F162C3A8C7500E9BDFA /* AppDelegate.swift */; };
		BE8D3F192C3A8C7500E9BDFA /* SceneDelegate.swift in Sources */ = {isa = PBXBuildFile; fileRef = BE8D3F182C3A8C7500E9BDFA /* SceneDelegate.swift */; };
		BE8D3F1B2C3A8C7500E9BDFA /* ViewController.swift in Sources */ = {isa = PBXBuildFile; fileRef = BE8D3F1A2C3A8C7500E9BDFA /* ViewController.swift */; };
		BE8D3F1E2C3A8C7500E9BDFA /* Base in Resources */ = {isa = PBXBuildFile; fileRef = BE8D3F1D2C3A8C7500E9BDFA /* Base */; };
		BE8D3F202C3A8C7600E9BDFA /* Assets.xcassets in Resources */ = {isa = PBXBuildFile; fileRef = BE8D3F1F2C3A8C7600E9BDFA /* Assets.xcassets */; };
		BE8D3F232C3A8C7600E9BDFA /* Base in Resources */ = {isa = PBXBuildFile; fileRef = BE8D3F222C3A8C7600E9BDFA /* Base */; };
/* End PBXBuildFile section */

/* Begin PBXFileReference section */
		31AE4DE536E2CE1BF7E38DAE /* Pods-add_to_app_ios.release.xcconfig */ = {isa = PBXFileReference; includeInIndex = 1; lastKnownFileType = text.xcconfig; name = "Pods-add_to_app_ios.release.xcconfig"; path = "Target Support Files/Pods-add_to_app_ios/Pods-add_to_app_ios.release.xcconfig"; sourceTree = "<group>"; };
		BE8D3F132C3A8C7500E9BDFA /* add_to_app_ios.app */ = {isa = PBXFileReference; explicitFileType = wrapper.application; includeInIndex = 0; path = add_to_app_ios.app; sourceTree = BUILT_PRODUCTS_DIR; };
		BE8D3F162C3A8C7500E9BDFA /* AppDelegate.swift */ = {isa = PBXFileReference; lastKnownFileType = sourcecode.swift; path = AppDelegate.swift; sourceTree = "<group>"; };
		BE8D3F182C3A8C7500E9BDFA /* SceneDelegate.swift */ = {isa = PBXFileReference; lastKnownFileType = sourcecode.swift; path = SceneDelegate.swift; sourceTree = "<group>"; };
		BE8D3F1A2C3A8C7500E9BDFA /* ViewController.swift */ = {isa = PBXFileReference; lastKnownFileType = sourcecode.swift; path = ViewController.swift; sourceTree = "<group>"; };
		BE8D3F1D2C3A8C7500E9BDFA /* Base */ = {isa = PBXFileReference; lastKnownFileType = file.storyboard; name = Base; path = Base.lproj/Main.storyboard; sourceTree = "<group>"; };
		BE8D3F1F2C3A8C7600E9BDFA /* Assets.xcassets */ = {isa = PBXFileReference; lastKnownFileType = folder.assetcatalog; path = Assets.xcassets; sourceTree = "<group>"; };
		BE8D3F222C3A8C7600E9BDFA /* Base */ = {isa = PBXFileReference; lastKnownFileType = file.storyboard; name = Base; path = Base.lproj/LaunchScreen.storyboard; sourceTree = "<group>"; };
		BE8D3F242C3A8C7600E9BDFA /* Info-Debug.plist */ = {isa = PBXFileReference; lastKnownFileType = text.plist.xml; path = "Info-Debug.plist"; sourceTree = "<group>"; };
		BE8D3F2A2C3A8D8300E9BDFA /* Info-Release.plist */ = {isa = PBXFileReference; fileEncoding = 4; lastKnownFileType = text.plist.xml; path = "Info-Release.plist"; sourceTree = "<group>"; };
		C739576AB5A6F40039B88173 /* Pods_add_to_app_ios.framework */ = {isa = PBXFileReference; explicitFileType = wrapper.framework; includeInIndex = 0; path = Pods_add_to_app_ios.framework; sourceTree = BUILT_PRODUCTS_DIR; };
		E6F6224B53F2386CF2F0D10E /* Pods-add_to_app_ios.debug.xcconfig */ = {isa = PBXFileReference; includeInIndex = 1; lastKnownFileType = text.xcconfig; name = "Pods-add_to_app_ios.debug.xcconfig"; path = "Target Support Files/Pods-add_to_app_ios/Pods-add_to_app_ios.debug.xcconfig"; sourceTree = "<group>"; };
/* End PBXFileReference section */

/* Begin PBXFrameworksBuildPhase section */
		BE8D3F102C3A8C7500E9BDFA /* Frameworks */ = {
			isa = PBXFrameworksBuildPhase;
			buildActionMask = 2147483647;
			files = (
				AC505AFFDBB6A4BDB899C9B8 /* Pods_add_to_app_ios.framework in Frameworks */,
			);
			runOnlyForDeploymentPostprocessing = 0;
		};
/* End PBXFrameworksBuildPhase section */

/* Begin PBXGroup section */
		93401C7CB72DAE4E51926E5F /* Frameworks */ = {
			isa = PBXGroup;
			children = (
				C739576AB5A6F40039B88173 /* Pods_add_to_app_ios.framework */,
			);
			name = Frameworks;
			sourceTree = "<group>";
		};
		BE8D3F0A2C3A8C7500E9BDFA = {
			isa = PBXGroup;
			children = (
				BE8D3F152C3A8C7500E9BDFA /* add_to_app_ios */,
				BE8D3F142C3A8C7500E9BDFA /* Products */,
				DC0673230946F196008CE740 /* Pods */,
				93401C7CB72DAE4E51926E5F /* Frameworks */,
			);
			sourceTree = "<group>";
		};
		BE8D3F142C3A8C7500E9BDFA /* Products */ = {
			isa = PBXGroup;
			children = (
				BE8D3F132C3A8C7500E9BDFA /* add_to_app_ios.app */,
			);
			name = Products;
			sourceTree = "<group>";
		};
		BE8D3F152C3A8C7500E9BDFA /* add_to_app_ios */ = {
			isa = PBXGroup;
			children = (
				BE8D3F162C3A8C7500E9BDFA /* AppDelegate.swift */,
				BE8D3F182C3A8C7500E9BDFA /* SceneDelegate.swift */,
				BE8D3F1A2C3A8C7500E9BDFA /* ViewController.swift */,
				BE8D3F1C2C3A8C7500E9BDFA /* Main.storyboard */,
				BE8D3F1F2C3A8C7600E9BDFA /* Assets.xcassets */,
				BE8D3F212C3A8C7600E9BDFA /* LaunchScreen.storyboard */,
				BE8D3F242C3A8C7600E9BDFA /* Info-Debug.plist */,
				BE8D3F2A2C3A8D8300E9BDFA /* Info-Release.plist */,
			);
			path = add_to_app_ios;
			sourceTree = "<group>";
		};
		DC0673230946F196008CE740 /* Pods */ = {
			isa = PBXGroup;
			children = (
				E6F6224B53F2386CF2F0D10E /* Pods-add_to_app_ios.debug.xcconfig */,
				31AE4DE536E2CE1BF7E38DAE /* Pods-add_to_app_ios.release.xcconfig */,
			);
			path = Pods;
			sourceTree = "<group>";
		};
/* End PBXGroup section */

/* Begin PBXNativeTarget section */
		BE8D3F122C3A8C7500E9BDFA /* add_to_app_ios */ = {
			isa = PBXNativeTarget;
			buildConfigurationList = BE8D3F272C3A8C7600E9BDFA /* Build configuration list for PBXNativeTarget "add_to_app_ios" */;
			buildPhases = (
				9B1C452B93AB7FC81B9FEAAA /* [CP] Check Pods Manifest.lock */,
				1108D24950651BA2A3B86302 /* [CP-User] Run Flutter Build flutter_module Script */,
				BE8D3F0F2C3A8C7500E9BDFA /* Sources */,
				BE8D3F102C3A8C7500E9BDFA /* Frameworks */,
				BE8D3F112C3A8C7500E9BDFA /* Resources */,
				EA0E34D84467E0C2878A62AF /* [CP-User] Embed Flutter Build flutter_module Script */,
			);
			buildRules = (
			);
			dependencies = (
			);
			name = add_to_app_ios;
			productName = add_to_app_ios;
			productReference = BE8D3F132C3A8C7500E9BDFA /* add_to_app_ios.app */;
			productType = "com.apple.product-type.application";
		};
/* End PBXNativeTarget section */

/* Begin PBXProject section */
		BE8D3F0B2C3A8C7500E9BDFA /* Project object */ = {
			isa = PBXProject;
			attributes = {
				BuildIndependentTargetsInParallel = 1;
				LastSwiftUpdateCheck = 1540;
				LastUpgradeCheck = 1540;
				TargetAttributes = {
					BE8D3F122C3A8C7500E9BDFA = {
						CreatedOnToolsVersion = 15.4;
					};
				};
			};
			buildConfigurationList = BE8D3F0E2C3A8C7500E9BDFA /* Build configuration list for PBXProject "add_to_app_ios" */;
			compatibilityVersion = "Xcode 14.0";
			developmentRegion = en;
			hasScannedForEncodings = 0;
			knownRegions = (
				en,
				Base,
			);
			mainGroup = BE8D3F0A2C3A8C7500E9BDFA;
			productRefGroup = BE8D3F142C3A8C7500E9BDFA /* Products */;
			projectDirPath = "";
			projectRoot = "";
			targets = (
				BE8D3F122C3A8C7500E9BDFA /* add_to_app_ios */,
			);
		};
/* End PBXProject section */

/* Begin PBXResourcesBuildPhase section */
		BE8D3F112C3A8C7500E9BDFA /* Resources */ = {
			isa = PBXResourcesBuildPhase;
			buildActionMask = 2147483647;
			files = (
				BE8D3F202C3A8C7600E9BDFA /* Assets.xcassets in Resources */,
				BE8D3F232C3A8C7600E9BDFA /* Base in Resources */,
				BE8D3F1E2C3A8C7500E9BDFA /* Base in Resources */,
			);
			runOnlyForDeploymentPostprocessing = 0;
		};
/* End PBXResourcesBuildPhase section */

/* Begin PBXShellScriptBuildPhase section */
		1108D24950651BA2A3B86302 /* [CP-User] Run Flutter Build flutter_module Script */ = {
			isa = PBXShellScriptBuildPhase;
			buildActionMask = 2147483647;
			files = (
			);
			name = "[CP-User] Run Flutter Build flutter_module Script";
			runOnlyForDeploymentPostprocessing = 0;
			shellPath = /bin/sh;
			shellScript = "set -e\nset -u\nsource \"${SRCROOT}/../flutter_module/.ios/Flutter/flutter_export_environment.sh\"\nexport VERBOSE_SCRIPT_LOGGING=1 && \"$FLUTTER_ROOT\"/packages/flutter_tools/bin/xcode_backend.sh build";
		};
		9B1C452B93AB7FC81B9FEAAA /* [CP] Check Pods Manifest.lock */ = {
			isa = PBXShellScriptBuildPhase;
			buildActionMask = 2147483647;
			files = (
			);
			inputFileListPaths = (
			);
			inputPaths = (
				"${PODS_PODFILE_DIR_PATH}/Podfile.lock",
				"${PODS_ROOT}/Manifest.lock",
			);
			name = "[CP] Check Pods Manifest.lock";
			outputFileListPaths = (
			);
			outputPaths = (
				"$(DERIVED_FILE_DIR)/Pods-add_to_app_ios-checkManifestLockResult.txt",
			);
			runOnlyForDeploymentPostprocessing = 0;
			shellPath = /bin/sh;
			shellScript = "diff \"${PODS_PODFILE_DIR_PATH}/Podfile.lock\" \"${PODS_ROOT}/Manifest.lock\" > /dev/null\nif [ $? != 0 ] ; then\n    # print error to STDERR\n    echo \"error: The sandbox is not in sync with the Podfile.lock. Run 'pod install' or update your CocoaPods installation.\" >&2\n    exit 1\nfi\n# This output is used by Xcode 'outputs' to avoid re-running this script phase.\necho \"SUCCESS\" > \"${SCRIPT_OUTPUT_FILE_0}\"\n";
			showEnvVarsInLog = 0;
		};
		EA0E34D84467E0C2878A62AF /* [CP-User] Embed Flutter Build flutter_module Script */ = {
			isa = PBXShellScriptBuildPhase;
			buildActionMask = 2147483647;
			files = (
			);
			name = "[CP-User] Embed Flutter Build flutter_module Script";
			runOnlyForDeploymentPostprocessing = 0;
			shellPath = /bin/sh;
			shellScript = "set -e\nset -u\nsource \"${SRCROOT}/../flutter_module/.ios/Flutter/flutter_export_environment.sh\"\nexport VERBOSE_SCRIPT_LOGGING=1 && \"$FLUTTER_ROOT\"/packages/flutter_tools/bin/xcode_backend.sh embed_and_thin";
		};
/* End PBXShellScriptBuildPhase section */

/* Begin PBXSourcesBuildPhase section */
		BE8D3F0F2C3A8C7500E9BDFA /* Sources */ = {
			isa = PBXSourcesBuildPhase;
			buildActionMask = 2147483647;
			files = (
				BE8D3F1B2C3A8C7500E9BDFA /* ViewController.swift in Sources */,
				BE8D3F172C3A8C7500E9BDFA /* AppDelegate.swift in Sources */,
				BE8D3F192C3A8C7500E9BDFA /* SceneDelegate.swift in Sources */,
			);
			runOnlyForDeploymentPostprocessing = 0;
		};
/* End PBXSourcesBuildPhase section */

/* Begin PBXVariantGroup section */
		BE8D3F1C2C3A8C7500E9BDFA /* Main.storyboard */ = {
			isa = PBXVariantGroup;
			children = (
				BE8D3F1D2C3A8C7500E9BDFA /* Base */,
			);
			name = Main.storyboard;
			sourceTree = "<group>";
		};
		BE8D3F212C3A8C7600E9BDFA /* LaunchScreen.storyboard */ = {
			isa = PBXVariantGroup;
			children = (
				BE8D3F222C3A8C7600E9BDFA /* Base */,
			);
			name = LaunchScreen.storyboard;
			sourceTree = "<group>";
		};
/* End PBXVariantGroup section */

/* Begin XCBuildConfiguration section */
		BE8D3F252C3A8C7600E9BDFA /* Debug */ = {
			isa = XCBuildConfiguration;
			buildSettings = {
				ALWAYS_SEARCH_USER_PATHS = NO;
				ASSETCATALOG_COMPILER_GENERATE_SWIFT_ASSET_SYMBOL_EXTENSIONS = YES;
				CLANG_ANALYZER_NONNULL = YES;
				CLANG_ANALYZER_NUMBER_OBJECT_CONVERSION = YES_AGGRESSIVE;
				CLANG_CXX_LANGUAGE_STANDARD = "gnu++20";
				CLANG_ENABLE_MODULES = YES;
				CLANG_ENABLE_OBJC_ARC = YES;
				CLANG_ENABLE_OBJC_WEAK = YES;
				CLANG_WARN_BLOCK_CAPTURE_AUTORELEASING = YES;
				CLANG_WARN_BOOL_CONVERSION = YES;
				CLANG_WARN_COMMA = YES;
				CLANG_WARN_CONSTANT_CONVERSION = YES;
				CLANG_WARN_DEPRECATED_OBJC_IMPLEMENTATIONS = YES;
				CLANG_WARN_DIRECT_OBJC_ISA_USAGE = YES_ERROR;
				CLANG_WARN_DOCUMENTATION_COMMENTS = YES;
				CLANG_WARN_EMPTY_BODY = YES;
				CLANG_WARN_ENUM_CONVERSION = YES;
				CLANG_WARN_INFINITE_RECURSION = YES;
				CLANG_WARN_INT_CONVERSION = YES;
				CLANG_WARN_NON_LITERAL_NULL_CONVERSION = YES;
				CLANG_WARN_OBJC_IMPLICIT_RETAIN_SELF = YES;
				CLANG_WARN_OBJC_LITERAL_CONVERSION = YES;
				CLANG_WARN_OBJC_ROOT_CLASS = YES_ERROR;
				CLANG_WARN_QUOTED_INCLUDE_IN_FRAMEWORK_HEADER = YES;
				CLANG_WARN_RANGE_LOOP_ANALYSIS = YES;
				CLANG_WARN_STRICT_PROTOTYPES = YES;
				CLANG_WARN_SUSPICIOUS_MOVE = YES;
				CLANG_WARN_UNGUARDED_AVAILABILITY = YES_AGGRESSIVE;
				CLANG_WARN_UNREACHABLE_CODE = YES;
				CLANG_WARN__DUPLICATE_METHOD_MATCH = YES;
				COPY_PHASE_STRIP = NO;
				DEBUG_INFORMATION_FORMAT = dwarf;
				ENABLE_STRICT_OBJC_MSGSEND = YES;
				ENABLE_TESTABILITY = YES;
				ENABLE_USER_SCRIPT_SANDBOXING = YES;
				GCC_C_LANGUAGE_STANDARD = gnu17;
				GCC_DYNAMIC_NO_PIC = NO;
				GCC_NO_COMMON_BLOCKS = YES;
				GCC_OPTIMIZATION_LEVEL = 0;
				GCC_PREPROCESSOR_DEFINITIONS = (
					"DEBUG=1",
					"$(inherited)",
				);
				GCC_WARN_64_TO_32_BIT_CONVERSION = YES;
				GCC_WARN_ABOUT_RETURN_TYPE = YES_ERROR;
				GCC_WARN_UNDECLARED_SELECTOR = YES;
				GCC_WARN_UNINITIALIZED_AUTOS = YES_AGGRESSIVE;
				GCC_WARN_UNUSED_FUNCTION = YES;
				GCC_WARN_UNUSED_VARIABLE = YES;
				IPHONEOS_DEPLOYMENT_TARGET = 13.0;
				LOCALIZATION_PREFERS_STRING_CATALOGS = YES;
				MTL_ENABLE_DEBUG_INFO = INCLUDE_SOURCE;
				MTL_FAST_MATH = YES;
				ONLY_ACTIVE_ARCH = YES;
				SDKROOT = iphoneos;
				SWIFT_ACTIVE_COMPILATION_CONDITIONS = "DEBUG $(inherited)";
				SWIFT_OPTIMIZATION_LEVEL = "-Onone";
			};
			name = Debug;
		};
		BE8D3F262C3A8C7600E9BDFA /* Release */ = {
			isa = XCBuildConfiguration;
			buildSettings = {
				ALWAYS_SEARCH_USER_PATHS = NO;
				ASSETCATALOG_COMPILER_GENERATE_SWIFT_ASSET_SYMBOL_EXTENSIONS = YES;
				CLANG_ANALYZER_NONNULL = YES;
				CLANG_ANALYZER_NUMBER_OBJECT_CONVERSION = YES_AGGRESSIVE;
				CLANG_CXX_LANGUAGE_STANDARD = "gnu++20";
				CLANG_ENABLE_MODULES = YES;
				CLANG_ENABLE_OBJC_ARC = YES;
				CLANG_ENABLE_OBJC_WEAK = YES;
				CLANG_WARN_BLOCK_CAPTURE_AUTORELEASING = YES;
				CLANG_WARN_BOOL_CONVERSION = YES;
				CLANG_WARN_COMMA = YES;
				CLANG_WARN_CONSTANT_CONVERSION = YES;
				CLANG_WARN_DEPRECATED_OBJC_IMPLEMENTATIONS = YES;
				CLANG_WARN_DIRECT_OBJC_ISA_USAGE = YES_ERROR;
				CLANG_WARN_DOCUMENTATION_COMMENTS = YES;
				CLANG_WARN_EMPTY_BODY = YES;
				CLANG_WARN_ENUM_CONVERSION = YES;
				CLANG_WARN_INFINITE_RECURSION = YES;
				CLANG_WARN_INT_CONVERSION = YES;
				CLANG_WARN_NON_LITERAL_NULL_CONVERSION = YES;
				CLANG_WARN_OBJC_IMPLICIT_RETAIN_SELF = YES;
				CLANG_WARN_OBJC_LITERAL_CONVERSION = YES;
				CLANG_WARN_OBJC_ROOT_CLASS = YES_ERROR;
				CLANG_WARN_QUOTED_INCLUDE_IN_FRAMEWORK_HEADER = YES;
				CLANG_WARN_RANGE_LOOP_ANALYSIS = YES;
				CLANG_WARN_STRICT_PROTOTYPES = YES;
				CLANG_WARN_SUSPICIOUS_MOVE = YES;
				CLANG_WARN_UNGUARDED_AVAILABILITY = YES_AGGRESSIVE;
				CLANG_WARN_UNREACHABLE_CODE = YES;
				CLANG_WARN__DUPLICATE_METHOD_MATCH = YES;
				COPY_PHASE_STRIP = NO;
				DEBUG_INFORMATION_FORMAT = "dwarf-with-dsym";
				ENABLE_NS_ASSERTIONS = NO;
				ENABLE_STRICT_OBJC_MSGSEND = YES;
				ENABLE_USER_SCRIPT_SANDBOXING = YES;
				GCC_C_LANGUAGE_STANDARD = gnu17;
				GCC_NO_COMMON_BLOCKS = YES;
				GCC_WARN_64_TO_32_BIT_CONVERSION = YES;
				GCC_WARN_ABOUT_RETURN_TYPE = YES_ERROR;
				GCC_WARN_UNDECLARED_SELECTOR = YES;
				GCC_WARN_UNINITIALIZED_AUTOS = YES_AGGRESSIVE;
				GCC_WARN_UNUSED_FUNCTION = YES;
				GCC_WARN_UNUSED_VARIABLE = YES;
				IPHONEOS_DEPLOYMENT_TARGET = 13.0;
				LOCALIZATION_PREFERS_STRING_CATALOGS = YES;
				MTL_ENABLE_DEBUG_INFO = NO;
				MTL_FAST_MATH = YES;
				SDKROOT = iphoneos;
				SWIFT_COMPILATION_MODE = wholemodule;
				VALIDATE_PRODUCT = YES;
			};
			name = Release;
		};
		BE8D3F282C3A8C7600E9BDFA /* Debug */ = {
			isa = XCBuildConfiguration;
			baseConfigurationReference = E6F6224B53F2386CF2F0D10E /* Pods-add_to_app_ios.debug.xcconfig */;
			buildSettings = {
				ASSETCATALOG_COMPILER_APPICON_NAME = AppIcon;
				ASSETCATALOG_COMPILER_GLOBAL_ACCENT_COLOR_NAME = AccentColor;
				CODE_SIGN_STYLE = Automatic;
				CURRENT_PROJECT_VERSION = 1;
				DEVELOPMENT_TEAM = JLPE5BL6NP;
				ENABLE_USER_SCRIPT_SANDBOXING = NO;
				GENERATE_INFOPLIST_FILE = YES;
				INFOPLIST_FILE = "add_to_app_ios/Info-$(CONFIGURATION).plist";
				INFOPLIST_KEY_UIApplicationSupportsIndirectInputEvents = YES;
				INFOPLIST_KEY_UILaunchStoryboardName = LaunchScreen;
				INFOPLIST_KEY_UIMainStoryboardFile = Main;
				INFOPLIST_KEY_UISupportedInterfaceOrientations_iPad = "UIInterfaceOrientationPortrait UIInterfaceOrientationPortraitUpsideDown UIInterfaceOrientationLandscapeLeft UIInterfaceOrientationLandscapeRight";
				INFOPLIST_KEY_UISupportedInterfaceOrientations_iPhone = "UIInterfaceOrientationPortrait UIInterfaceOrientationLandscapeLeft UIInterfaceOrientationLandscapeRight";
				IPHONEOS_DEPLOYMENT_TARGET = 13.0;
				LD_RUNPATH_SEARCH_PATHS = (
					"$(inherited)",
					"@executable_path/Frameworks",
				);
				MARKETING_VERSION = 1.0;
				PRODUCT_BUNDLE_IDENTIFIER = com.example.addtoapp;
				PRODUCT_NAME = "$(TARGET_NAME)";
				SWIFT_EMIT_LOC_STRINGS = YES;
				SWIFT_VERSION = 5.0;
				TARGETED_DEVICE_FAMILY = "1,2";
			};
			name = Debug;
		};
		BE8D3F292C3A8C7600E9BDFA /* Release */ = {
			isa = XCBuildConfiguration;
			baseConfigurationReference = 31AE4DE536E2CE1BF7E38DAE /* Pods-add_to_app_ios.release.xcconfig */;
			buildSettings = {
				ASSETCATALOG_COMPILER_APPICON_NAME = AppIcon;
				ASSETCATALOG_COMPILER_GLOBAL_ACCENT_COLOR_NAME = AccentColor;
				CODE_SIGN_STYLE = Automatic;
				CURRENT_PROJECT_VERSION = 1;
				DEVELOPMENT_TEAM = JLPE5BL6NP;
				ENABLE_USER_SCRIPT_SANDBOXING = NO;
				GENERATE_INFOPLIST_FILE = YES;
				INFOPLIST_FILE = "add_to_app_ios/Info-$(CONFIGURATION).plist";
				INFOPLIST_KEY_UIApplicationSupportsIndirectInputEvents = YES;
				INFOPLIST_KEY_UILaunchStoryboardName = LaunchScreen;
				INFOPLIST_KEY_UIMainStoryboardFile = Main;
				INFOPLIST_KEY_UISupportedInterfaceOrientations_iPad = "UIInterfaceOrientationPortrait UIInterfaceOrientationPortraitUpsideDown UIInterfaceOrientationLandscapeLeft UIInterfaceOrientationLandscapeRight";
				INFOPLIST_KEY_UISupportedInterfaceOrientations_iPhone = "UIInterfaceOrientationPortrait UIInterfaceOrientationLandscapeLeft UIInterfaceOrientationLandscapeRight";
				IPHONEOS_DEPLOYMENT_TARGET = 13.0;
				LD_RUNPATH_SEARCH_PATHS = (
					"$(inherited)",
					"@executable_path/Frameworks",
				);
				MARKETING_VERSION = 1.0;
				PRODUCT_BUNDLE_IDENTIFIER = com.example.addtoapp;
				PRODUCT_NAME = "$(TARGET_NAME)";
				SWIFT_EMIT_LOC_STRINGS = YES;
				SWIFT_VERSION = 5.0;
				TARGETED_DEVICE_FAMILY = "1,2";
			};
			name = Release;
		};
/* End XCBuildConfiguration section */

/* Begin XCConfigurationList section */
		BE8D3F0E2C3A8C7500E9BDFA /* Build configuration list for PBXProject "add_to_app_ios" */ = {
			isa = XCConfigurationList;
			buildConfigurations = (
				BE8D3F252C3A8C7600E9BDFA /* Debug */,
				BE8D3F262C3A8C7600E9BDFA /* Release */,
			);
			defaultConfigurationIsVisible = 0;
			defaultConfigurationName = Release;
		};
		BE8D3F272C3A8C7600E9BDFA /* Build configuration list for PBXNativeTarget "add_to_app_ios" */ = {
			isa = XCConfigurationList;
			buildConfigurations = (
				BE8D3F282C3A8C7600E9BDFA /* Debug */,
				BE8D3F292C3A8C7600E9BDFA /* Release */,
			);
			defaultConfigurationIsVisible = 0;
			defaultConfigurationName = Release;
		};
/* End XCConfigurationList section */
	};
	rootObject = BE8D3F0B2C3A8C7500E9BDFA /* Project object */;
}
